
Microsoft Visual Studio Solution File, Format Version 12.00
# Visual Studio Version 16
VisualStudioVersion = 16.0.32413.511
MinimumVisualStudioVersion = 10.0.40219.1
Project("{FAE04EC0-301F-11D3-BF4B-00C04F79EFBC}") = "ProviderService.Api", "ProviderService.Api\ProviderService.Api.csproj", "{DA96144C-17AC-4188-AF1D-4D3172BC0742}"
EndProject
Global
	GlobalSection(SolutionConfigurationPlatforms) = preSolution
		Debug|Any CPU = Debug|Any CPU
		Release|Any CPU = Release|Any CPU
	EndGlobalSection
	GlobalSection(ProjectConfigurationPlatforms) = postSolution
		{DA96144C-17AC-4188-AF1D-4D3172BC0742}.Debug|Any CPU.ActiveCfg = Debug|Any CPU
		{DA96144C-17AC-4188-AF1D-4D3172BC0742}.Debug|Any CPU.Build.0 = Debug|Any CPU
		{DA96144C-17AC-4188-AF1D-4D3172BC0742}.Release|Any CPU.ActiveCfg = Release|Any CPU
		{DA96144C-17AC-4188-AF1D-4D3172BC0742}.Release|Any CPU.Build.0 = Release|Any CPU
	EndGlobalSection
	GlobalSection(SolutionProperties) = preSolution
		HideSolutionNode = FALSE
	EndGlobalSection
	GlobalSection(ExtensibilityGlobals) = postSolution
		SolutionGuid = {D1DA1E2B-6622-44E3-81B4-1CF7EDD326D0}
	EndGlobalSection
EndGlobal
